{
  "name": "Solidity_test",
  "lockfileVersion": 2,
  "requires": true,
  "packages": {
    "": {
      "dependencies": {
        "web3": "^0.16.0"
      }
    },
    "node_modules/bignumber.js": {
      "version": "2.0.7",
      "resolved": "git+ssh://git@github.com/debris/bignumber.js.git#c7a38de919ed75e6fb6ba38051986e294b328df9",
      "license": "MIT",
      "engines": {
        "node": "*"
      }
    },
    "node_modules/crypto-js": {
      "version": "3.3.0",
      "resolved": "https://registry.npmjs.org/crypto-js/-/crypto-js-3.3.0.tgz",
      "integrity": "sha512-DIT51nX0dCfKltpRiXV+/TVZq+Qq2NgF4644+K7Ttnla7zEzqc+kjJyiB96BHNyUTBxyjzRcZYpUdZa+QAqi6Q=="
    },
    "node_modules/utf8": {
      "version": "2.1.2",
      "resolved": "https://registry.npmjs.org/utf8/-/utf8-2.1.2.tgz",
      "integrity": "sha512-QXo+O/QkLP/x1nyi54uQiG0XrODxdysuQvE5dtVqv7F5K2Qb6FsN+qbr6KhF5wQ20tfcV3VQp0/2x1e1MRSPWg=="
    },
    "node_modules/web3": {
      "version": "0.16.0",
      "resolved": "https://registry.npmjs.org/web3/-/web3-0.16.0.tgz",
      "integrity": "sha512-8vET/GI2qDtShXNtPkuWByWvPNou9ecuYI9OJswBdA+NUwe5WZKirHUWakS0y4mK6lGmOhv7mLN7cHCBhmQRyA==",
      "dependencies": {
        "bignumber.js": "git+https://github.com/debris/bignumber.js.git#master",
        "crypto-js": "^3.1.4",
        "utf8": "^2.1.1",
        "xmlhttprequest": "*"
      }
    },
    "node_modules/xmlhttprequest": {
      "version": "1.8.0",
      "resolved": "https://registry.npmjs.org/xmlhttprequest/-/xmlhttprequest-1.8.0.tgz",
      "integrity": "sha512-58Im/U0mlVBLM38NdZjHyhuMtCqa61469k2YP/AaPbvCoV9aQGUpbJBj1QRm2ytRiVQBD/fsw7L2bJGDVQswBA==",
      "engines": {
        "node": ">=0.4.0"
      }
    }
  },
  "dependencies": {
    "bignumber.js": {
      "version": "git+ssh://git@github.com/debris/bignumber.js.git#c7a38de919ed75e6fb6ba38051986e294b328df9",
      "from": "bignumber.js@git+https://github.com/debris/bignumber.js.git#master"
    },
    "crypto-js": {
      "version": "3.3.0",
      "resolved": "https://registry.npmjs.org/crypto-js/-/crypto-js-3.3.0.tgz",
      "integrity": "sha512-DIT51nX0dCfKltpRiXV+/TVZq+Qq2NgF4644+K7Ttnla7zEzqc+kjJyiB96BHNyUTBxyjzRcZYpUdZa+QAqi6Q=="
    },
    "utf8": {
      "version": "2.1.2",
      "resolved": "https://registry.npmjs.org/utf8/-/utf8-2.1.2.tgz",
      "integrity": "sha512-QXo+O/QkLP/x1nyi54uQiG0XrODxdysuQvE5dtVqv7F5K2Qb6FsN+qbr6KhF5wQ20tfcV3VQp0/2x1e1MRSPWg=="
    },
    "web3": {
      "version": "0.16.0",
      "resolved": "https://registry.npmjs.org/web3/-/web3-0.16.0.tgz",
      "integrity": "sha512-8vET/GI2qDtShXNtPkuWByWvPNou9ecuYI9OJswBdA+NUwe5WZKirHUWakS0y4mK6lGmOhv7mLN7cHCBhmQRyA==",
      "requires": {
        "bignumber.js": "git+https://github.com/debris/bignumber.js.git#master",
        "crypto-js": "^3.1.4",
        "utf8": "^2.1.1",
        "xmlhttprequest": "*"
      }
    },
    "xmlhttprequest": {
      "version": "1.8.0",
      "resolved": "https://registry.npmjs.org/xmlhttprequest/-/xmlhttprequest-1.8.0.tgz",
      "integrity": "sha512-58Im/U0mlVBLM38NdZjHyhuMtCqa61469k2YP/AaPbvCoV9aQGUpbJBj1QRm2ytRiVQBD/fsw7L2bJGDVQswBA=="
    }
  }
}
